
Microsoft Visual Studio Solution File, Format Version 12.00
# Visual Studio 15
VisualStudioVersion = 15.0.28010.2019
MinimumVisualStudioVersion = 10.0.40219.1
Project("{F184B08F-C81C-45F6-A57F-5ABD9991F28F}") = "Estoque", "Estoque\Estoque.vbproj", "{FE400858-72BD-4B09-90A3-6FE57F4EF4B7}"
EndProject
Project("{F184B08F-C81C-45F6-A57F-5ABD9991F28F}") = "CamadaBLL", "CamadaBLL\CamadaBLL.vbproj", "{561B266E-2518-44E1-BAB2-61C02642DF87}"
	ProjectSection(ProjectDependencies) = postProject
		{C22C7094-0C0F-4A89-BCF7-38C0BAF915C6} = {C22C7094-0C0F-4A89-BCF7-38C0BAF915C6}
		{013EB3BC-E0CA-4A5B-869B-4851F97758B8} = {013EB3BC-E0CA-4A5B-869B-4851F97758B8}
	EndProjectSection
EndProject
Project("{F184B08F-C81C-45F6-A57F-5ABD9991F28F}") = "CamadaDTO", "CamadaDTO\CamadaDTO.vbproj", "{C22C7094-0C0F-4A89-BCF7-38C0BAF915C6}"
EndProject
Project("{F184B08F-C81C-45F6-A57F-5ABD9991F28F}") = "CamadaDAL", "CamadaDAL\CamadaDAL.vbproj", "{013EB3BC-E0CA-4A5B-869B-4851F97758B8}"
	ProjectSection(ProjectDependencies) = postProject
		{C22C7094-0C0F-4A89-BCF7-38C0BAF915C6} = {C22C7094-0C0F-4A89-BCF7-38C0BAF915C6}
	EndProjectSection
EndProject
Project("{F184B08F-C81C-45F6-A57F-5ABD9991F28F}") = "CamadaWIN", "CamadaWin\CamadaWIN.vbproj", "{BD0889AE-254A-4169-ADB5-C7D168CB61A5}"
	ProjectSection(ProjectDependencies) = postProject
		{561B266E-2518-44E1-BAB2-61C02642DF87} = {561B266E-2518-44E1-BAB2-61C02642DF87}
		{C22C7094-0C0F-4A89-BCF7-38C0BAF915C6} = {C22C7094-0C0F-4A89-BCF7-38C0BAF915C6}
	EndProjectSection
EndProject
Global
	GlobalSection(SolutionConfigurationPlatforms) = preSolution
		Debug|Any CPU = Debug|Any CPU
		Release|Any CPU = Release|Any CPU
	EndGlobalSection
	GlobalSection(ProjectConfigurationPlatforms) = postSolution
		{FE400858-72BD-4B09-90A3-6FE57F4EF4B7}.Debug|Any CPU.ActiveCfg = Debug|Any CPU
		{FE400858-72BD-4B09-90A3-6FE57F4EF4B7}.Debug|Any CPU.Build.0 = Debug|Any CPU
		{FE400858-72BD-4B09-90A3-6FE57F4EF4B7}.Release|Any CPU.ActiveCfg = Release|Any CPU
		{FE400858-72BD-4B09-90A3-6FE57F4EF4B7}.Release|Any CPU.Build.0 = Release|Any CPU
		{561B266E-2518-44E1-BAB2-61C02642DF87}.Debug|Any CPU.ActiveCfg = Debug|Any CPU
		{561B266E-2518-44E1-BAB2-61C02642DF87}.Debug|Any CPU.Build.0 = Debug|Any CPU
		{561B266E-2518-44E1-BAB2-61C02642DF87}.Release|Any CPU.ActiveCfg = Release|Any CPU
		{561B266E-2518-44E1-BAB2-61C02642DF87}.Release|Any CPU.Build.0 = Release|Any CPU
		{C22C7094-0C0F-4A89-BCF7-38C0BAF915C6}.Debug|Any CPU.ActiveCfg = Debug|Any CPU
		{C22C7094-0C0F-4A89-BCF7-38C0BAF915C6}.Debug|Any CPU.Build.0 = Debug|Any CPU
		{C22C7094-0C0F-4A89-BCF7-38C0BAF915C6}.Release|Any CPU.ActiveCfg = Release|Any CPU
		{C22C7094-0C0F-4A89-BCF7-38C0BAF915C6}.Release|Any CPU.Build.0 = Release|Any CPU
		{013EB3BC-E0CA-4A5B-869B-4851F97758B8}.Debug|Any CPU.ActiveCfg = Debug|Any CPU
		{013EB3BC-E0CA-4A5B-869B-4851F97758B8}.Debug|Any CPU.Build.0 = Debug|Any CPU
		{013EB3BC-E0CA-4A5B-869B-4851F97758B8}.Release|Any CPU.ActiveCfg = Release|Any CPU
		{013EB3BC-E0CA-4A5B-869B-4851F97758B8}.Release|Any CPU.Build.0 = Release|Any CPU
		{BD0889AE-254A-4169-ADB5-C7D168CB61A5}.Debug|Any CPU.ActiveCfg = Debug|Any CPU
		{BD0889AE-254A-4169-ADB5-C7D168CB61A5}.Debug|Any CPU.Build.0 = Debug|Any CPU
		{BD0889AE-254A-4169-ADB5-C7D168CB61A5}.Release|Any CPU.ActiveCfg = Release|Any CPU
		{BD0889AE-254A-4169-ADB5-C7D168CB61A5}.Release|Any CPU.Build.0 = Release|Any CPU
	EndGlobalSection
	GlobalSection(SolutionProperties) = preSolution
		HideSolutionNode = FALSE
	EndGlobalSection
	GlobalSection(ExtensibilityGlobals) = postSolution
		SolutionGuid = {F2A9C831-A56A-4B34-8800-F70FBA2CEA77}
	EndGlobalSection
EndGlobal
